
Microsoft Visual Studio Solution File, Format Version 12.00
# Visual Studio Version 16
VisualStudioVersion = 16.0.30804.86
MinimumVisualStudioVersion = 10.0.40219.1
Project("{FAE04EC0-301F-11D3-BF4B-00C04F79EFBC}") = "Lab_19", "Lab_19.csproj", "{02B4F3F8-9534-4508-9D3F-918F379E4A85}"
EndProject
Global
	GlobalSection(SolutionConfigurationPlatforms) = preSolution
		Debug|Any CPU = Debug|Any CPU
		Release|Any CPU = Release|Any CPU
	EndGlobalSection
	GlobalSection(ProjectConfigurationPlatforms) = postSolution
		{02B4F3F8-9534-4508-9D3F-918F379E4A85}.Debug|Any CPU.ActiveCfg = Debug|Any CPU
		{02B4F3F8-9534-4508-9D3F-918F379E4A85}.Debug|Any CPU.Build.0 = Debug|Any CPU
		{02B4F3F8-9534-4508-9D3F-918F379E4A85}.Release|Any CPU.ActiveCfg = Release|Any CPU
		{02B4F3F8-9534-4508-9D3F-918F379E4A85}.Release|Any CPU.Build.0 = Release|Any CPU
	EndGlobalSection
	GlobalSection(SolutionProperties) = preSolution
		HideSolutionNode = FALSE
	EndGlobalSection
	GlobalSection(ExtensibilityGlobals) = postSolution
		SolutionGuid = {E8FDD8BE-F67A-4CAE-87FD-FA601B85A075}
	EndGlobalSection
EndGlobal
